
Microsoft Visual Studio Solution File, Format Version 12.00
# Visual Studio 14
VisualStudioVersion = 14.0.24720.0
MinimumVisualStudioVersion = 10.0.40219.1
Project("{FAE04EC0-301F-11D3-BF4B-00C04F79EFBC}") = "APP PARA REPOSITORIO 1B", "APP PARA REPOSITORIO 1B\APP PARA REPOSITORIO 1B.csproj", "{B110292D-F88D-480E-98FF-DBB4C9D9134D}"
EndProject
Global
	GlobalSection(SolutionConfigurationPlatforms) = preSolution
		Debug|Any CPU = Debug|Any CPU
		Release|Any CPU = Release|Any CPU
	EndGlobalSection
	GlobalSection(ProjectConfigurationPlatforms) = postSolution
		{B110292D-F88D-480E-98FF-DBB4C9D9134D}.Debug|Any CPU.ActiveCfg = Debug|Any CPU
		{B110292D-F88D-480E-98FF-DBB4C9D9134D}.Debug|Any CPU.Build.0 = Debug|Any CPU
		{B110292D-F88D-480E-98FF-DBB4C9D9134D}.Release|Any CPU.ActiveCfg = Release|Any CPU
		{B110292D-F88D-480E-98FF-DBB4C9D9134D}.Release|Any CPU.Build.0 = Release|Any CPU
	EndGlobalSection
	GlobalSection(SolutionProperties) = preSolution
		HideSolutionNode = FALSE
	EndGlobalSection
EndGlobal
